
Microsoft Visual Studio Solution File, Format Version 12.00
# Visual Studio Version 17
VisualStudioVersion = 17.11.35431.28
MinimumVisualStudioVersion = 10.0.40219.1
Project("{FAE04EC0-301F-11D3-BF4B-00C04F79EFBC}") = "InMemoryDBinASP.NET", "InMemoryDBinASP.NET\InMemoryDBinASP.NET.csproj", "{3112A49F-2F9F-42E8-BDAD-26D0BABB4ABF}"
EndProject
Global
	GlobalSection(SolutionConfigurationPlatforms) = preSolution
		Debug|Any CPU = Debug|Any CPU
		Release|Any CPU = Release|Any CPU
	EndGlobalSection
	GlobalSection(ProjectConfigurationPlatforms) = postSolution
		{3112A49F-2F9F-42E8-BDAD-26D0BABB4ABF}.Debug|Any CPU.ActiveCfg = Debug|Any CPU
		{3112A49F-2F9F-42E8-BDAD-26D0BABB4ABF}.Debug|Any CPU.Build.0 = Debug|Any CPU
		{3112A49F-2F9F-42E8-BDAD-26D0BABB4ABF}.Release|Any CPU.ActiveCfg = Release|Any CPU
		{3112A49F-2F9F-42E8-BDAD-26D0BABB4ABF}.Release|Any CPU.Build.0 = Release|Any CPU
	EndGlobalSection
	GlobalSection(SolutionProperties) = preSolution
		HideSolutionNode = FALSE
	EndGlobalSection
	GlobalSection(ExtensibilityGlobals) = postSolution
		SolutionGuid = {3DA89118-815B-4104-A978-C0D4614C2302}
	EndGlobalSection
EndGlobal
